// !$*UTF8*$!
{
	archiveVersion = 1;
	classes = {
	};
	objectVersion = 46;
	objects = {

/* Begin PBXBuildFile section */
		B2009C05134E1FEC007A4FCC /* UIKit.framework in Frameworks */ = {isa = PBXBuildFile; fileRef = B2009C04134E1FEC007A4FCC /* UIKit.framework */; };
		B2009C07134E1FEC007A4FCC /* Foundation.framework in Frameworks */ = {isa = PBXBuildFile; fileRef = B2009C06134E1FEC007A4FCC /* Foundation.framework */; };
		B2009C09134E1FEC007A4FCC /* CoreGraphics.framework in Frameworks */ = {isa = PBXBuildFile; fileRef = B2009C08134E1FEC007A4FCC /* CoreGraphics.framework */; };
		B2009C0F134E1FEC007A4FCC /* InfoPlist.strings in Resources */ = {isa = PBXBuildFile; fileRef = B2009C0D134E1FEC007A4FCC /* InfoPlist.strings */; };
		B2009C12134E1FEC007A4FCC /* main.m in Sources */ = {isa = PBXBuildFile; fileRef = B2009C11134E1FEC007A4FCC /* main.m */; };
		B2009C15134E1FEC007A4FCC /* MapTestAppDelegate.m in Sources */ = {isa = PBXBuildFile; fileRef = B2009C14134E1FEC007A4FCC /* MapTestAppDelegate.m */; };
		B2009C18134E1FEC007A4FCC /* MainWindow.xib in Resources */ = {isa = PBXBuildFile; fileRef = B2009C16134E1FEC007A4FCC /* MainWindow.xib */; };
		B2009C1B134E1FEC007A4FCC /* RootViewController.m in Sources */ = {isa = PBXBuildFile; fileRef = B2009C1A134E1FEC007A4FCC /* RootViewController.m */; };
		B2009C1E134E1FEC007A4FCC /* RootViewController.xib in Resources */ = {isa = PBXBuildFile; fileRef = B2009C1C134E1FEC007A4FCC /* RootViewController.xib */; };
/* End PBXBuildFile section */

/* Begin PBXFileReference section */
		B2009C00134E1FEC007A4FCC /* MapTest.app */ = {isa = PBXFileReference; explicitFileType = wrapper.application; includeInIndex = 0; path = MapTest.app; sourceTree = BUILT_PRODUCTS_DIR; };
		B2009C04134E1FEC007A4FCC /* UIKit.framework */ = {isa = PBXFileReference; lastKnownFileType = wrapper.framework; name = UIKit.framework; path = System/Library/Frameworks/UIKit.framework; sourceTree = SDKROOT; };
		B2009C06134E1FEC007A4FCC /* Foundation.framework */ = {isa = PBXFileReference; lastKnownFileType = wrapper.framework; name = Foundation.framework; path = System/Library/Frameworks/Foundation.framework; sourceTree = SDKROOT; };
		B2009C08134E1FEC007A4FCC /* CoreGraphics.framework */ = {isa = PBXFileReference; lastKnownFileType = wrapper.framework; name = CoreGraphics.framework; path = System/Library/Frameworks/CoreGraphics.framework; sourceTree = SDKROOT; };
		B2009C0C134E1FEC007A4FCC /* MapTest-Info.plist */ = {isa = PBXFileReference; path = "MapTest-Info.plist"; sourceTree = "<group>"; };
		B2009C0E134E1FEC007A4FCC /* en */ = {isa = PBXFileReference; lastKnownFileType = text.plist.strings; name = en; path = en.lproj/InfoPlist.strings; sourceTree = "<group>"; };
		B2009C10134E1FEC007A4FCC /* MapTest-Prefix.pch */ = {isa = PBXFileReference; path = "MapTest-Prefix.pch"; sourceTree = "<group>"; };
		B2009C11134E1FEC007A4FCC /* main.m */ = {isa = PBXFileReference; lastKnownFileType = sourcecode.c.objc; path = main.m; sourceTree = "<group>"; };
		B2009C13134E1FEC007A4FCC /* MapTestAppDelegate.h */ = {isa = PBXFileReference; path = MapTestAppDelegate.h; sourceTree = "<group>"; };
		B2009C14134E1FEC007A4FCC /* MapTestAppDelegate.m */ = {isa = PBXFileReference; lastKnownFileType = sourcecode.c.objc; path = MapTestAppDelegate.m; sourceTree = "<group>"; };
		B2009C17134E1FEC007A4FCC /* en */ = {isa = PBXFileReference; lastKnownFileType = file.xib; name = en; path = en.lproj/MainWindow.xib; sourceTree = "<group>"; };
		B2009C19134E1FEC007A4FCC /* RootViewController.h */ = {isa = PBXFileReference; path = RootViewController.h; sourceTree = "<group>"; };
		B2009C1A134E1FEC007A4FCC /* RootViewController.m */ = {isa = PBXFileReference; lastKnownFileType = sourcecode.c.objc; path = RootViewController.m; sourceTree = "<group>"; };
		B2009C1D134E1FEC007A4FCC /* en */ = {isa = PBXFileReference; lastKnownFileType = file.xib; name = en; path = en.lproj/RootViewController.xib; sourceTree = "<group>"; };
/* End PBXFileReference section */

/* Begin PBXFrameworksBuildPhase section */
		B2009BFD134E1FEC007A4FCC /* Frameworks */ = {
			isa = PBXFrameworksBuildPhase;
			buildActionMask = 2147483647;
			files = (
				B2009C05134E1FEC007A4FCC /* UIKit.framework in Frameworks */,
				B2009C07134E1FEC007A4FCC /* Foundation.framework in Frameworks */,
				B2009C09134E1FEC007A4FCC /* CoreGraphics.framework in Frameworks */,
			);
			runOnlyForDeploymentPostprocessing = 0;
		};
/* End PBXFrameworksBuildPhase section */

/* Begin PBXGroup section */
		B2009BF5134E1FEC007A4FCC = {
			isa = PBXGroup;
			children = (
				B2009C0A134E1FEC007A4FCC /* MapTest */,
				B2009C03134E1FEC007A4FCC /* Frameworks */,
				B2009C01134E1FEC007A4FCC /* Products */,
			);
			sourceTree = "<group>";
		};
		B2009C01134E1FEC007A4FCC /* Products */ = {
			isa = PBXGroup;
			children = (
				B2009C00134E1FEC007A4FCC /* MapTest.app */,
			);
			name = Products;
			sourceTree = "<group>";
		};
		B2009C03134E1FEC007A4FCC /* Frameworks */ = {
			isa = PBXGroup;
			children = (
				B2009C04134E1FEC007A4FCC /* UIKit.framework */,
				B2009C06134E1FEC007A4FCC /* Foundation.framework */,
				B2009C08134E1FEC007A4FCC /* CoreGraphics.framework */,
			);
			name = Frameworks;
			sourceTree = "<group>";
		};
		B2009C0A134E1FEC007A4FCC /* MapTest */ = {
			isa = PBXGroup;
			children = (
				B2009C13134E1FEC007A4FCC /* MapTestAppDelegate.h */,
				B2009C14134E1FEC007A4FCC /* MapTestAppDelegate.m */,
				B2009C16134E1FEC007A4FCC /* MainWindow.xib */,
				B2009C19134E1FEC007A4FCC /* RootViewController.h */,
				B2009C1A134E1FEC007A4FCC /* RootViewController.m */,
				B2009C1C134E1FEC007A4FCC /* RootViewController.xib */,
				B2009C0B134E1FEC007A4FCC /* Supporting Files */,
			);
			path = MapTest;
			sourceTree = "<group>";
		};
		B2009C0B134E1FEC007A4FCC /* Supporting Files */ = {
			isa = PBXGroup;
			children = (
				B2009C0C134E1FEC007A4FCC /* MapTest-Info.plist */,
				B2009C0D134E1FEC007A4FCC /* InfoPlist.strings */,
				B2009C10134E1FEC007A4FCC /* MapTest-Prefix.pch */,
				B2009C11134E1FEC007A4FCC /* main.m */,
			);
			name = "Supporting Files";
			sourceTree = "<group>";
		};
/* End PBXGroup section */

/* Begin PBXNativeTarget section */
		B2009BFF134E1FEC007A4FCC /* MapTest */ = {
			isa = PBXNativeTarget;
			buildConfigurationList = B2009C21134E1FEC007A4FCC /* Build configuration list for PBXNativeTarget "MapTest" */;
			buildPhases = (
				B2009BFC134E1FEC007A4FCC /* Sources */,
				B2009BFD134E1FEC007A4FCC /* Frameworks */,
				B2009BFE134E1FEC007A4FCC /* Resources */,
			);
			buildRules = (
			);
			dependencies = (
			);
			name = MapTest;
			productName = MapTest;
			productReference = B2009C00134E1FEC007A4FCC /* MapTest.app */;
			productType = "com.apple.product-type.application";
		};
/* End PBXNativeTarget section */

/* Begin PBXProject section */
		B2009BF7134E1FEC007A4FCC /* Project object */ = {
			isa = PBXProject;
			buildConfigurationList = B2009BFA134E1FEC007A4FCC /* Build configuration list for PBXProject "MapTest" */;
			compatibilityVersion = "Xcode 3.2";
			developmentRegion = English;
			hasScannedForEncodings = 0;
			knownRegions = (
				en,
			);
			mainGroup = B2009BF5134E1FEC007A4FCC;
			productRefGroup = B2009C01134E1FEC007A4FCC /* Products */;
			projectDirPath = "";
			projectRoot = "";
			targets = (
				B2009BFF134E1FEC007A4FCC /* MapTest */,
			);
		};
/* End PBXProject section */

/* Begin PBXResourcesBuildPhase section */
		B2009BFE134E1FEC007A4FCC /* Resources */ = {
			isa = PBXResourcesBuildPhase;
			buildActionMask = 2147483647;
			files = (
				B2009C0F134E1FEC007A4FCC /* InfoPlist.strings in Resources */,
				B2009C18134E1FEC007A4FCC /* MainWindow.xib in Resources */,
				B2009C1E134E1FEC007A4FCC /* RootViewController.xib in Resources */,
			);
			runOnlyForDeploymentPostprocessing = 0;
		};
/* End PBXResourcesBuildPhase section */

/* Begin PBXSourcesBuildPhase section */
		B2009BFC134E1FEC007A4FCC /* Sources */ = {
			isa = PBXSourcesBuildPhase;
			buildActionMask = 2147483647;
			files = (
				B2009C12134E1FEC007A4FCC /* main.m in Sources */,
				B2009C15134E1FEC007A4FCC /* MapTestAppDelegate.m in Sources */,
				B2009C1B134E1FEC007A4FCC /* RootViewController.m in Sources */,
			);
			runOnlyForDeploymentPostprocessing = 0;
		};
/* End PBXSourcesBuildPhase section */

/* Begin PBXVariantGroup section */
		B2009C0D134E1FEC007A4FCC /* InfoPlist.strings */ = {
			isa = PBXVariantGroup;
			children = (
				B2009C0E134E1FEC007A4FCC /* en */,
			);
			name = InfoPlist.strings;
			sourceTree = "<group>";
		};
		B2009C16134E1FEC007A4FCC /* MainWindow.xib */ = {
			isa = PBXVariantGroup;
			children = (
				B2009C17134E1FEC007A4FCC /* en */,
			);
			name = MainWindow.xib;
			sourceTree = "<group>";
		};
		B2009C1C134E1FEC007A4FCC /* RootViewController.xib */ = {
			isa = PBXVariantGroup;
			children = (
				B2009C1D134E1FEC007A4FCC /* en */,
			);
			name = RootViewController.xib;
			sourceTree = "<group>";
		};
/* End PBXVariantGroup section */

/* Begin XCBuildConfiguration section */
		B2009C1F134E1FEC007A4FCC /* Debug */ = {
			isa = XCBuildConfiguration;
			buildSettings = {
				ARCHS = "$(ARCHS_STANDARD_32_BIT)";
				"CODE_SIGN_IDENTITY[sdk=iphoneos*]" = "iPhone Developer";
				GCC_C_LANGUAGE_STANDARD = gnu99;
				GCC_OPTIMIZATION_LEVEL = 0;
				GCC_PREPROCESSOR_DEFINITIONS = DEBUG;
				GCC_SYMBOLS_PRIVATE_EXTERN = NO;
				GCC_VERSION = com.apple.compilers.llvmgcc42;
				GCC_WARN_ABOUT_RETURN_TYPE = YES;
				GCC_WARN_UNUSED_VARIABLE = YES;
				IPHONEOS_DEPLOYMENT_TARGET = 4.3;
				SDKROOT = iphoneos;
			};
			name = Debug;
		};
		B2009C20134E1FEC007A4FCC /* Release */ = {
			isa = XCBuildConfiguration;
			buildSettings = {
				ARCHS = "$(ARCHS_STANDARD_32_BIT)";
				"CODE_SIGN_IDENTITY[sdk=iphoneos*]" = "iPhone Developer";
				GCC_C_LANGUAGE_STANDARD = gnu99;
				GCC_VERSION = com.apple.compilers.llvmgcc42;
				GCC_WARN_ABOUT_RETURN_TYPE = YES;
				GCC_WARN_UNUSED_VARIABLE = YES;
				IPHONEOS_DEPLOYMENT_TARGET = 4.3;
				OTHER_CFLAGS = "-DNS_BLOCK_ASSERTIONS=1";
				SDKROOT = iphoneos;
			};
			name = Release;
		};
		B2009C22134E1FEC007A4FCC /* Debug */ = {
			isa = XCBuildConfiguration;
			buildSettings = {
				ALWAYS_SEARCH_USER_PATHS = NO;
				COPY_PHASE_STRIP = NO;
				GCC_DYNAMIC_NO_PIC = NO;
				GCC_PRECOMPILE_PREFIX_HEADER = YES;
				GCC_PREFIX_HEADER = "MapTest/MapTest-Prefix.pch";
				INFOPLIST_FILE = "MapTest/MapTest-Info.plist";
				PRODUCT_NAME = "$(TARGET_NAME)";
				WRAPPER_EXTENSION = app;
			};
			name = Debug;
		};
		B2009C23134E1FEC007A4FCC /* Release */ = {
			isa = XCBuildConfiguration;
			buildSettings = {
				ALWAYS_SEARCH_USER_PATHS = NO;
				COPY_PHASE_STRIP = YES;
				GCC_PRECOMPILE_PREFIX_HEADER = YES;
				GCC_PREFIX_HEADER = "MapTest/MapTest-Prefix.pch";
				INFOPLIST_FILE = "MapTest/MapTest-Info.plist";
				PRODUCT_NAME = "$(TARGET_NAME)";
				VALIDATE_PRODUCT = YES;
				WRAPPER_EXTENSION = app;
			};
			name = Release;
		};
/* End XCBuildConfiguration section */

/* Begin XCConfigurationList section */
		B2009BFA134E1FEC007A4FCC /* Build configuration list for PBXProject "MapTest" */ = {
			isa = XCConfigurationList;
			buildConfigurations = (
				B2009C1F134E1FEC007A4FCC /* Debug */,
				B2009C20134E1FEC007A4FCC /* Release */,
			);
			defaultConfigurationIsVisible = 0;
			defaultConfigurationName = Release;
		};
		B2009C21134E1FEC007A4FCC /* Build configuration list for PBXNativeTarget "MapTest" */ = {
			isa = XCConfigurationList;
			buildConfigurations = (
				B2009C22134E1FEC007A4FCC /* Debug */,
				B2009C23134E1FEC007A4FCC /* Release */,
			);
			defaultConfigurationIsVisible = 0;
		};
/* End XCConfigurationList section */
	};
	rootObject = B2009BF7134E1FEC007A4FCC /* Project object */;
}
