// !$*UTF8*$!
{
	archiveVersion = 1;
	classes = {
	};
	objectVersion = 46;
	objects = {

/* Begin PBXBuildFile section */
		B2009C05134E1FEC007A4FCC /* UIKit.framework in Frameworks */ = {isa = PBXBuildFile; fileRef = B2009C04134E1FEC007A4FCC /* UIKit.framework */; };
		B2009C07134E1FEC007A4FCC /* Foundation.framework in Frameworks */ = {isa = PBXBuildFile; fileRef = B2009C06134E1FEC007A4FCC /* Foundation.framework */; };
		B2009C09134E1FEC007A4FCC /* CoreGraphics.framework in Frameworks */ = {isa = PBXBuildFile; fileRef = B2009C08134E1FEC007A4FCC /* CoreGraphics.framework */; };
		B231264B134E20FC00173139 /* AboutViewController.m in Sources */ = {isa = PBXBuildFile; fileRef = B2312642134E20FC00173139 /* AboutViewController.m */; };
		B231264C134E20FC00173139 /* AboutViewController.xib in Resources */ = {isa = PBXBuildFile; fileRef = B2312643134E20FC00173139 /* AboutViewController.xib */; };
		B231264D134E20FC00173139 /* AppDelegate.m in Sources */ = {isa = PBXBuildFile; fileRef = B2312645134E20FC00173139 /* AppDelegate.m */; };
		B231264E134E20FC00173139 /* MainViewController.m in Sources */ = {isa = PBXBuildFile; fileRef = B2312647134E20FC00173139 /* MainViewController.m */; };
		B231264F134E20FC00173139 /* MainViewController.xib in Resources */ = {isa = PBXBuildFile; fileRef = B2312648134E20FC00173139 /* MainViewController.xib */; };
		B2312650134E20FC00173139 /* MKMapView+Additions.m in Sources */ = {isa = PBXBuildFile; fileRef = B231264A134E20FC00173139 /* MKMapView+Additions.m */; };
		B2312657134E218B00173139 /* MainWindow.xib in Resources */ = {isa = PBXBuildFile; fileRef = B2312656134E218B00173139 /* MainWindow.xib */; };
		B231265D134E22A200173139 /* main.m in Sources */ = {isa = PBXBuildFile; fileRef = B231265C134E22A200173139 /* main.m */; };
		B2312660134E22C500173139 /* CoreLocation.framework in Frameworks */ = {isa = PBXBuildFile; fileRef = B231265E134E22C500173139 /* CoreLocation.framework */; };
		B2312661134E22C500173139 /* MapKit.framework in Frameworks */ = {isa = PBXBuildFile; fileRef = B231265F134E22C500173139 /* MapKit.framework */; };
		B2312666134E22FD00173139 /* compass_icon.png in Resources */ = {isa = PBXBuildFile; fileRef = B2312662134E22FD00173139 /* compass_icon.png */; };
		B2312667134E22FD00173139 /* locateme.png in Resources */ = {isa = PBXBuildFile; fileRef = B2312663134E22FD00173139 /* locateme.png */; };
		B2312668134E22FD00173139 /* speechbubble.png in Resources */ = {isa = PBXBuildFile; fileRef = B2312664134E22FD00173139 /* speechbubble.png */; };
		B2312669134E22FD00173139 /* world.png in Resources */ = {isa = PBXBuildFile; fileRef = B2312665134E22FD00173139 /* world.png */; };
/* End PBXBuildFile section */

/* Begin PBXFileReference section */
		B2009C00134E1FEC007A4FCC /* MapTest.app */ = {isa = PBXFileReference; explicitFileType = wrapper.application; includeInIndex = 0; path = MapTest.app; sourceTree = BUILT_PRODUCTS_DIR; };
		B2009C04134E1FEC007A4FCC /* UIKit.framework */ = {isa = PBXFileReference; lastKnownFileType = wrapper.framework; name = UIKit.framework; path = System/Library/Frameworks/UIKit.framework; sourceTree = SDKROOT; };
		B2009C06134E1FEC007A4FCC /* Foundation.framework */ = {isa = PBXFileReference; lastKnownFileType = wrapper.framework; name = Foundation.framework; path = System/Library/Frameworks/Foundation.framework; sourceTree = SDKROOT; };
		B2009C08134E1FEC007A4FCC /* CoreGraphics.framework */ = {isa = PBXFileReference; lastKnownFileType = wrapper.framework; name = CoreGraphics.framework; path = System/Library/Frameworks/CoreGraphics.framework; sourceTree = SDKROOT; };
		B2312641134E20FC00173139 /* AboutViewController.h */ = {isa = PBXFileReference; fileEncoding = 4; lastKnownFileType = sourcecode.c.h; name = AboutViewController.h; path = Classes/AboutViewController.h; sourceTree = "<group>"; };
		B2312642134E20FC00173139 /* AboutViewController.m */ = {isa = PBXFileReference; fileEncoding = 4; lastKnownFileType = sourcecode.c.objc; name = AboutViewController.m; path = Classes/AboutViewController.m; sourceTree = "<group>"; };
		B2312643134E20FC00173139 /* AboutViewController.xib */ = {isa = PBXFileReference; fileEncoding = 4; lastKnownFileType = file.xib; name = AboutViewController.xib; path = Classes/AboutViewController.xib; sourceTree = "<group>"; };
		B2312644134E20FC00173139 /* AppDelegate.h */ = {isa = PBXFileReference; fileEncoding = 4; lastKnownFileType = sourcecode.c.h; name = AppDelegate.h; path = Classes/AppDelegate.h; sourceTree = "<group>"; };
		B2312645134E20FC00173139 /* AppDelegate.m */ = {isa = PBXFileReference; fileEncoding = 4; lastKnownFileType = sourcecode.c.objc; name = AppDelegate.m; path = Classes/AppDelegate.m; sourceTree = "<group>"; };
		B2312646134E20FC00173139 /* MainViewController.h */ = {isa = PBXFileReference; fileEncoding = 4; lastKnownFileType = sourcecode.c.h; name = MainViewController.h; path = Classes/MainViewController.h; sourceTree = "<group>"; };
		B2312647134E20FC00173139 /* MainViewController.m */ = {isa = PBXFileReference; fileEncoding = 4; lastKnownFileType = sourcecode.c.objc; name = MainViewController.m; path = Classes/MainViewController.m; sourceTree = "<group>"; };
		B2312648134E20FC00173139 /* MainViewController.xib */ = {isa = PBXFileReference; fileEncoding = 4; lastKnownFileType = file.xib; name = MainViewController.xib; path = Classes/MainViewController.xib; sourceTree = "<group>"; };
		B2312649134E20FC00173139 /* MKMapView+Additions.h */ = {isa = PBXFileReference; fileEncoding = 4; lastKnownFileType = sourcecode.c.h; name = "MKMapView+Additions.h"; path = "Classes/MKMapView+Additions.h"; sourceTree = "<group>"; };
		B231264A134E20FC00173139 /* MKMapView+Additions.m */ = {isa = PBXFileReference; fileEncoding = 4; lastKnownFileType = sourcecode.c.objc; name = "MKMapView+Additions.m"; path = "Classes/MKMapView+Additions.m"; sourceTree = "<group>"; };
		B2312656134E218B00173139 /* MainWindow.xib */ = {isa = PBXFileReference; fileEncoding = 4; lastKnownFileType = file.xib; name = MainWindow.xib; path = xibs/MainWindow.xib; sourceTree = "<group>"; };
		B2312659134E228200173139 /* MapTest-Info.plist */ = {isa = PBXFileReference; fileEncoding = 4; lastKnownFileType = text.plist.xml; path = "MapTest-Info.plist"; sourceTree = "<group>"; };
		B231265A134E228200173139 /* MapTest-Prefix.pch */ = {isa = PBXFileReference; fileEncoding = 4; lastKnownFileType = sourcecode.c.h; path = "MapTest-Prefix.pch"; sourceTree = "<group>"; };
		B231265C134E22A200173139 /* main.m */ = {isa = PBXFileReference; fileEncoding = 4; lastKnownFileType = sourcecode.c.objc; path = main.m; sourceTree = SOURCE_ROOT; };
		B231265E134E22C500173139 /* CoreLocation.framework */ = {isa = PBXFileReference; lastKnownFileType = wrapper.framework; name = CoreLocation.framework; path = System/Library/Frameworks/CoreLocation.framework; sourceTree = SDKROOT; };
		B231265F134E22C500173139 /* MapKit.framework */ = {isa = PBXFileReference; lastKnownFileType = wrapper.framework; name = MapKit.framework; path = System/Library/Frameworks/MapKit.framework; sourceTree = SDKROOT; };
		B2312662134E22FD00173139 /* compass_icon.png */ = {isa = PBXFileReference; lastKnownFileType = image.png; name = compass_icon.png; path = images/compass_icon.png; sourceTree = "<group>"; };
		B2312663134E22FD00173139 /* locateme.png */ = {isa = PBXFileReference; lastKnownFileType = image.png; name = locateme.png; path = images/locateme.png; sourceTree = "<group>"; };
		B2312664134E22FD00173139 /* speechbubble.png */ = {isa = PBXFileReference; lastKnownFileType = image.png; name = speechbubble.png; path = images/speechbubble.png; sourceTree = "<group>"; };
		B2312665134E22FD00173139 /* world.png */ = {isa = PBXFileReference; lastKnownFileType = image.png; name = world.png; path = images/world.png; sourceTree = "<group>"; };
/* End PBXFileReference section */

/* Begin PBXFrameworksBuildPhase section */
		B2009BFD134E1FEC007A4FCC /* Frameworks */ = {
			isa = PBXFrameworksBuildPhase;
			buildActionMask = 2147483647;
			files = (
				B2312660134E22C500173139 /* CoreLocation.framework in Frameworks */,
				B2312661134E22C500173139 /* MapKit.framework in Frameworks */,
				B2009C05134E1FEC007A4FCC /* UIKit.framework in Frameworks */,
				B2009C07134E1FEC007A4FCC /* Foundation.framework in Frameworks */,
				B2009C09134E1FEC007A4FCC /* CoreGraphics.framework in Frameworks */,
			);
			runOnlyForDeploymentPostprocessing = 0;
		};
/* End PBXFrameworksBuildPhase section */

/* Begin PBXGroup section */
		B2009BF5134E1FEC007A4FCC = {
			isa = PBXGroup;
			children = (
				B231265E134E22C500173139 /* CoreLocation.framework */,
				B231265F134E22C500173139 /* MapKit.framework */,
				B2312658134E228200173139 /* MapTest */,
				B2312651134E210000173139 /* xibs */,
				B2312640134E20E900173139 /* images */,
				B231263F134E20DF00173139 /* Classses */,
				B2009C03134E1FEC007A4FCC /* Frameworks */,
				B2009C01134E1FEC007A4FCC /* Products */,
			);
			sourceTree = "<group>";
		};
		B2009C01134E1FEC007A4FCC /* Products */ = {
			isa = PBXGroup;
			children = (
				B2009C00134E1FEC007A4FCC /* MapTest.app */,
			);
			name = Products;
			sourceTree = "<group>";
		};
		B2009C03134E1FEC007A4FCC /* Frameworks */ = {
			isa = PBXGroup;
			children = (
				B2009C04134E1FEC007A4FCC /* UIKit.framework */,
				B2009C06134E1FEC007A4FCC /* Foundation.framework */,
				B2009C08134E1FEC007A4FCC /* CoreGraphics.framework */,
			);
			name = Frameworks;
			sourceTree = "<group>";
		};
		B231263F134E20DF00173139 /* Classses */ = {
			isa = PBXGroup;
			children = (
				B2312641134E20FC00173139 /* AboutViewController.h */,
				B2312642134E20FC00173139 /* AboutViewController.m */,
				B2312644134E20FC00173139 /* AppDelegate.h */,
				B2312645134E20FC00173139 /* AppDelegate.m */,
				B2312646134E20FC00173139 /* MainViewController.h */,
				B2312647134E20FC00173139 /* MainViewController.m */,
				B2312649134E20FC00173139 /* MKMapView+Additions.h */,
				B231264A134E20FC00173139 /* MKMapView+Additions.m */,
			);
			name = Classses;
			sourceTree = "<group>";
		};
		B2312640134E20E900173139 /* images */ = {
			isa = PBXGroup;
			children = (
				B2312662134E22FD00173139 /* compass_icon.png */,
				B2312663134E22FD00173139 /* locateme.png */,
				B2312664134E22FD00173139 /* speechbubble.png */,
				B2312665134E22FD00173139 /* world.png */,
			);
			name = images;
			sourceTree = "<group>";
		};
		B2312651134E210000173139 /* xibs */ = {
			isa = PBXGroup;
			children = (
				B2312656134E218B00173139 /* MainWindow.xib */,
				B2312648134E20FC00173139 /* MainViewController.xib */,
				B2312643134E20FC00173139 /* AboutViewController.xib */,
			);
			name = xibs;
			sourceTree = "<group>";
		};
		B2312658134E228200173139 /* MapTest */ = {
			isa = PBXGroup;
			children = (
				B231265C134E22A200173139 /* main.m */,
				B2312659134E228200173139 /* MapTest-Info.plist */,
				B231265A134E228200173139 /* MapTest-Prefix.pch */,
			);
			path = MapTest;
			sourceTree = "<group>";
		};
/* End PBXGroup section */

/* Begin PBXNativeTarget section */
		B2009BFF134E1FEC007A4FCC /* MapTest */ = {
			isa = PBXNativeTarget;
			buildConfigurationList = B2009C21134E1FEC007A4FCC /* Build configuration list for PBXNativeTarget "MapTest" */;
			buildPhases = (
				B2009BFC134E1FEC007A4FCC /* Sources */,
				B2009BFD134E1FEC007A4FCC /* Frameworks */,
				B2009BFE134E1FEC007A4FCC /* Resources */,
			);
			buildRules = (
			);
			dependencies = (
			);
			name = MapTest;
			productName = MapTest;
			productReference = B2009C00134E1FEC007A4FCC /* MapTest.app */;
			productType = "com.apple.product-type.application";
		};
/* End PBXNativeTarget section */

/* Begin PBXProject section */
		B2009BF7134E1FEC007A4FCC /* Project object */ = {
			isa = PBXProject;
			buildConfigurationList = B2009BFA134E1FEC007A4FCC /* Build configuration list for PBXProject "MapTest" */;
			compatibilityVersion = "Xcode 3.2";
			developmentRegion = English;
			hasScannedForEncodings = 0;
			knownRegions = (
				en,
			);
			mainGroup = B2009BF5134E1FEC007A4FCC;
			productRefGroup = B2009C01134E1FEC007A4FCC /* Products */;
			projectDirPath = "";
			projectRoot = "";
			targets = (
				B2009BFF134E1FEC007A4FCC /* MapTest */,
			);
		};
/* End PBXProject section */

/* Begin PBXResourcesBuildPhase section */
		B2009BFE134E1FEC007A4FCC /* Resources */ = {
			isa = PBXResourcesBuildPhase;
			buildActionMask = 2147483647;
			files = (
				B231264C134E20FC00173139 /* AboutViewController.xib in Resources */,
				B231264F134E20FC00173139 /* MainViewController.xib in Resources */,
				B2312657134E218B00173139 /* MainWindow.xib in Resources */,
				B2312666134E22FD00173139 /* compass_icon.png in Resources */,
				B2312667134E22FD00173139 /* locateme.png in Resources */,
				B2312668134E22FD00173139 /* speechbubble.png in Resources */,
				B2312669134E22FD00173139 /* world.png in Resources */,
			);
			runOnlyForDeploymentPostprocessing = 0;
		};
/* End PBXResourcesBuildPhase section */

/* Begin PBXSourcesBuildPhase section */
		B2009BFC134E1FEC007A4FCC /* Sources */ = {
			isa = PBXSourcesBuildPhase;
			buildActionMask = 2147483647;
			files = (
				B231264B134E20FC00173139 /* AboutViewController.m in Sources */,
				B231264D134E20FC00173139 /* AppDelegate.m in Sources */,
				B231264E134E20FC00173139 /* MainViewController.m in Sources */,
				B2312650134E20FC00173139 /* MKMapView+Additions.m in Sources */,
				B231265D134E22A200173139 /* main.m in Sources */,
			);
			runOnlyForDeploymentPostprocessing = 0;
		};
/* End PBXSourcesBuildPhase section */

/* Begin XCBuildConfiguration section */
		B2009C1F134E1FEC007A4FCC /* Debug */ = {
			isa = XCBuildConfiguration;
			buildSettings = {
				ARCHS = "$(ARCHS_STANDARD_32_BIT)";
				"CODE_SIGN_IDENTITY[sdk=iphoneos*]" = "iPhone Developer";
				GCC_C_LANGUAGE_STANDARD = gnu99;
				GCC_OPTIMIZATION_LEVEL = 0;
				GCC_PREPROCESSOR_DEFINITIONS = DEBUG;
				GCC_SYMBOLS_PRIVATE_EXTERN = NO;
				GCC_VERSION = com.apple.compilers.llvmgcc42;
				GCC_WARN_ABOUT_RETURN_TYPE = YES;
				GCC_WARN_UNUSED_VARIABLE = YES;
				IPHONEOS_DEPLOYMENT_TARGET = 4.3;
				SDKROOT = iphoneos;
			};
			name = Debug;
		};
		B2009C20134E1FEC007A4FCC /* Release */ = {
			isa = XCBuildConfiguration;
			buildSettings = {
				ARCHS = "$(ARCHS_STANDARD_32_BIT)";
				"CODE_SIGN_IDENTITY[sdk=iphoneos*]" = "iPhone Developer";
				GCC_C_LANGUAGE_STANDARD = gnu99;
				GCC_VERSION = com.apple.compilers.llvmgcc42;
				GCC_WARN_ABOUT_RETURN_TYPE = YES;
				GCC_WARN_UNUSED_VARIABLE = YES;
				IPHONEOS_DEPLOYMENT_TARGET = 4.3;
				OTHER_CFLAGS = "-DNS_BLOCK_ASSERTIONS=1";
				SDKROOT = iphoneos;
			};
			name = Release;
		};
		B2009C22134E1FEC007A4FCC /* Debug */ = {
			isa = XCBuildConfiguration;
			buildSettings = {
				ALWAYS_SEARCH_USER_PATHS = NO;
				COPY_PHASE_STRIP = NO;
				GCC_DYNAMIC_NO_PIC = NO;
				GCC_PRECOMPILE_PREFIX_HEADER = YES;
				GCC_PREFIX_HEADER = "MapTest/MapTest-Prefix.pch";
				INFOPLIST_FILE = "MapTest/MapTest-Info.plist";
				PRODUCT_NAME = "$(TARGET_NAME)";
				WRAPPER_EXTENSION = app;
			};
			name = Debug;
		};
		B2009C23134E1FEC007A4FCC /* Release */ = {
			isa = XCBuildConfiguration;
			buildSettings = {
				ALWAYS_SEARCH_USER_PATHS = NO;
				COPY_PHASE_STRIP = YES;
				GCC_PRECOMPILE_PREFIX_HEADER = YES;
				GCC_PREFIX_HEADER = "MapTest/MapTest-Prefix.pch";
				INFOPLIST_FILE = "MapTest/MapTest-Info.plist";
				PRODUCT_NAME = "$(TARGET_NAME)";
				VALIDATE_PRODUCT = YES;
				WRAPPER_EXTENSION = app;
			};
			name = Release;
		};
/* End XCBuildConfiguration section */

/* Begin XCConfigurationList section */
		B2009BFA134E1FEC007A4FCC /* Build configuration list for PBXProject "MapTest" */ = {
			isa = XCConfigurationList;
			buildConfigurations = (
				B2009C1F134E1FEC007A4FCC /* Debug */,
				B2009C20134E1FEC007A4FCC /* Release */,
			);
			defaultConfigurationIsVisible = 0;
			defaultConfigurationName = Release;
		};
		B2009C21134E1FEC007A4FCC /* Build configuration list for PBXNativeTarget "MapTest" */ = {
			isa = XCConfigurationList;
			buildConfigurations = (
				B2009C22134E1FEC007A4FCC /* Debug */,
				B2009C23134E1FEC007A4FCC /* Release */,
			);
			defaultConfigurationIsVisible = 0;
			defaultConfigurationName = Release;
		};
/* End XCConfigurationList section */
	};
	rootObject = B2009BF7134E1FEC007A4FCC /* Project object */;
}
